// !$*UTF8*$!
{
	archiveVersion = 1;
	classes = {
	};
	objectVersion = 51;
	objects = {

/* Begin PBXBuildFile section */
		1ED2186F2586DD24002E7784 /* Transferencia.swift in Sources */ = {isa = PBXBuildFile; fileRef = 1ED2186E2586DD24002E7784 /* Transferencia.swift */; };
		1ED218742586F150002E7784 /* AdminViewController.swift in Sources */ = {isa = PBXBuildFile; fileRef = 1ED218732586F150002E7784 /* AdminViewController.swift */; };
		1ED2187D2586F4E8002E7784 /* NoticiasViewController.swift in Sources */ = {isa = PBXBuildFile; fileRef = 1ED2187C2586F4E8002E7784 /* NoticiasViewController.swift */; };
		1ED218822586FE43002E7784 /* NoticiaDetailViewController.swift in Sources */ = {isa = PBXBuildFile; fileRef = 1ED218812586FE43002E7784 /* NoticiaDetailViewController.swift */; };
		1ED2188725870315002E7784 /* Noticia.swift in Sources */ = {isa = PBXBuildFile; fileRef = 1ED2188625870315002E7784 /* Noticia.swift */; };
		1ED2188C258703B9002E7784 /* NoticiasViewCell.swift in Sources */ = {isa = PBXBuildFile; fileRef = 1ED2188B258703B9002E7784 /* NoticiasViewCell.swift */; };
		1ED2189125870560002E7784 /* NoticiasTableViewCell.swift in Sources */ = {isa = PBXBuildFile; fileRef = 1ED2189025870560002E7784 /* NoticiasTableViewCell.swift */; };
		3A37B4F12585F39400015B29 /* File.swift in Sources */ = {isa = PBXBuildFile; fileRef = 3A37B4F02585F39400015B29 /* File.swift */; };
		3A37B4F725869A2C00015B29 /* CCIViewController.swift in Sources */ = {isa = PBXBuildFile; fileRef = 3A37B4F625869A2C00015B29 /* CCIViewController.swift */; };
		3A37B5132586BBEA00015B29 /* transTableViewCell.swift in Sources */ = {isa = PBXBuildFile; fileRef = 3A37B5112586BBEA00015B29 /* transTableViewCell.swift */; };
		3A37B5142586BBEA00015B29 /* transTableViewCell.xib in Resources */ = {isa = PBXBuildFile; fileRef = 3A37B5122586BBEA00015B29 /* transTableViewCell.xib */; };
		7A45D6CED67DDB4066AEBC65 /* Pods_proydamii_proydamiiUITests.framework in Frameworks */ = {isa = PBXBuildFile; fileRef = 59B2D848DE1134A154919607 /* Pods_proydamii_proydamiiUITests.framework */; };
		9D0C2146A2229DEA1E45DB21 /* Pods_proydamii.framework in Frameworks */ = {isa = PBXBuildFile; fileRef = 89057184C8D65E695D712EBC /* Pods_proydamii.framework */; };
		C327C5132581AA3D00BE2B0B /* AppDelegate.swift in Sources */ = {isa = PBXBuildFile; fileRef = C327C5122581AA3D00BE2B0B /* AppDelegate.swift */; };
		C327C5152581AA3D00BE2B0B /* SceneDelegate.swift in Sources */ = {isa = PBXBuildFile; fileRef = C327C5142581AA3D00BE2B0B /* SceneDelegate.swift */; };
		C327C5172581AA3D00BE2B0B /* ViewController.swift in Sources */ = {isa = PBXBuildFile; fileRef = C327C5162581AA3D00BE2B0B /* ViewController.swift */; };
		C327C51A2581AA3D00BE2B0B /* Main.storyboard in Resources */ = {isa = PBXBuildFile; fileRef = C327C5182581AA3D00BE2B0B /* Main.storyboard */; };
		C327C51D2581AA3D00BE2B0B /* proydamii.xcdatamodeld in Sources */ = {isa = PBXBuildFile; fileRef = C327C51B2581AA3D00BE2B0B /* proydamii.xcdatamodeld */; };
		C327C51F2581AA4000BE2B0B /* Assets.xcassets in Resources */ = {isa = PBXBuildFile; fileRef = C327C51E2581AA4000BE2B0B /* Assets.xcassets */; };
		C327C5222581AA4000BE2B0B /* LaunchScreen.storyboard in Resources */ = {isa = PBXBuildFile; fileRef = C327C5202581AA4000BE2B0B /* LaunchScreen.storyboard */; };
		C327C52D2581AA4100BE2B0B /* proydamiiTests.swift in Sources */ = {isa = PBXBuildFile; fileRef = C327C52C2581AA4100BE2B0B /* proydamiiTests.swift */; };
		C327C5382581AA4100BE2B0B /* proydamiiUITests.swift in Sources */ = {isa = PBXBuildFile; fileRef = C327C5372581AA4100BE2B0B /* proydamiiUITests.swift */; };
		C327C54B2581AC8000BE2B0B /* Colors.swift in Sources */ = {isa = PBXBuildFile; fileRef = C327C54A2581AC8000BE2B0B /* Colors.swift */; };
		C327C55325834B5200BE2B0B /* apple.png in Resources */ = {isa = PBXBuildFile; fileRef = C327C55225834B5200BE2B0B /* apple.png */; };
		C327C56E2583627500BE2B0B /* View2Controller.swift in Sources */ = {isa = PBXBuildFile; fileRef = C327C56D2583627500BE2B0B /* View2Controller.swift */; };
		C327C5732584467500BE2B0B /* SignUpViewController.swift in Sources */ = {isa = PBXBuildFile; fileRef = C327C5722584467500BE2B0B /* SignUpViewController.swift */; };
		C327C590258483BA00BE2B0B /* AuthViewController.swift in Sources */ = {isa = PBXBuildFile; fileRef = C327C58F258483BA00BE2B0B /* AuthViewController.swift */; };
		C327C5992584863C00BE2B0B /* GoogleService-Info.plist in Resources */ = {isa = PBXBuildFile; fileRef = C327C5982584863C00BE2B0B /* GoogleService-Info.plist */; };
		C327C59E2584873200BE2B0B /* HomeViewController.swift in Sources */ = {isa = PBXBuildFile; fileRef = C327C59D2584873200BE2B0B /* HomeViewController.swift */; };
		EC832DD00E20FEA383F966DC /* Pods_proydamiiTests.framework in Frameworks */ = {isa = PBXBuildFile; fileRef = 6320B5A8C1821F4A48915753 /* Pods_proydamiiTests.framework */; };
/* End PBXBuildFile section */

/* Begin PBXContainerItemProxy section */
		C327C5292581AA4100BE2B0B /* PBXContainerItemProxy */ = {
			isa = PBXContainerItemProxy;
			containerPortal = C327C5072581AA3D00BE2B0B /* Project object */;
			proxyType = 1;
			remoteGlobalIDString = C327C50E2581AA3D00BE2B0B;
			remoteInfo = proydamii;
		};
		C327C5342581AA4100BE2B0B /* PBXContainerItemProxy */ = {
			isa = PBXContainerItemProxy;
			containerPortal = C327C5072581AA3D00BE2B0B /* Project object */;
			proxyType = 1;
			remoteGlobalIDString = C327C50E2581AA3D00BE2B0B;
			remoteInfo = proydamii;
		};
/* End PBXContainerItemProxy section */

/* Begin PBXFileReference section */
		18E1B1CD5CA2D59E64EBFDA5 /* Pods-proydamii.debug.xcconfig */ = {isa = PBXFileReference; includeInIndex = 1; lastKnownFileType = text.xcconfig; name = "Pods-proydamii.debug.xcconfig"; path = "Target Support Files/Pods-proydamii/Pods-proydamii.debug.xcconfig"; sourceTree = "<group>"; };
		1A60DCAF7F7775DE3F305E13 /* Pods-proydamii-proydamiiUITests.debug.xcconfig */ = {isa = PBXFileReference; includeInIndex = 1; lastKnownFileType = text.xcconfig; name = "Pods-proydamii-proydamiiUITests.debug.xcconfig"; path = "Target Support Files/Pods-proydamii-proydamiiUITests/Pods-proydamii-proydamiiUITests.debug.xcconfig"; sourceTree = "<group>"; };
		1ED2186E2586DD24002E7784 /* Transferencia.swift */ = {isa = PBXFileReference; lastKnownFileType = sourcecode.swift; path = Transferencia.swift; sourceTree = "<group>"; };
		1ED218732586F150002E7784 /* AdminViewController.swift */ = {isa = PBXFileReference; lastKnownFileType = sourcecode.swift; path = AdminViewController.swift; sourceTree = "<group>"; };
		1ED2187C2586F4E8002E7784 /* NoticiasViewController.swift */ = {isa = PBXFileReference; lastKnownFileType = sourcecode.swift; path = NoticiasViewController.swift; sourceTree = "<group>"; };
		1ED218812586FE43002E7784 /* NoticiaDetailViewController.swift */ = {isa = PBXFileReference; lastKnownFileType = sourcecode.swift; path = NoticiaDetailViewController.swift; sourceTree = "<group>"; };
		1ED2188625870315002E7784 /* Noticia.swift */ = {isa = PBXFileReference; lastKnownFileType = sourcecode.swift; path = Noticia.swift; sourceTree = "<group>"; };
		1ED2188B258703B9002E7784 /* NoticiasViewCell.swift */ = {isa = PBXFileReference; lastKnownFileType = sourcecode.swift; path = NoticiasViewCell.swift; sourceTree = "<group>"; };
		1ED2189025870560002E7784 /* NoticiasTableViewCell.swift */ = {isa = PBXFileReference; lastKnownFileType = sourcecode.swift; path = NoticiasTableViewCell.swift; sourceTree = "<group>"; };
		234943816F68439F0A544D41 /* Pods-proydamiiTests.release.xcconfig */ = {isa = PBXFileReference; includeInIndex = 1; lastKnownFileType = text.xcconfig; name = "Pods-proydamiiTests.release.xcconfig"; path = "Target Support Files/Pods-proydamiiTests/Pods-proydamiiTests.release.xcconfig"; sourceTree = "<group>"; };
		3A37B4F02585F39400015B29 /* File.swift */ = {isa = PBXFileReference; lastKnownFileType = sourcecode.swift; path = File.swift; sourceTree = "<group>"; };
		3A37B4F625869A2C00015B29 /* CCIViewController.swift */ = {isa = PBXFileReference; lastKnownFileType = sourcecode.swift; path = CCIViewController.swift; sourceTree = "<group>"; };
		3A37B5112586BBEA00015B29 /* transTableViewCell.swift */ = {isa = PBXFileReference; lastKnownFileType = sourcecode.swift; path = transTableViewCell.swift; sourceTree = "<group>"; };
		3A37B5122586BBEA00015B29 /* transTableViewCell.xib */ = {isa = PBXFileReference; lastKnownFileType = file.xib; path = transTableViewCell.xib; sourceTree = "<group>"; };
		3C5DCA4A84540E614AB5D973 /* Pods-proydamii-proydamiiUITests.release.xcconfig */ = {isa = PBXFileReference; includeInIndex = 1; lastKnownFileType = text.xcconfig; name = "Pods-proydamii-proydamiiUITests.release.xcconfig"; path = "Target Support Files/Pods-proydamii-proydamiiUITests/Pods-proydamii-proydamiiUITests.release.xcconfig"; sourceTree = "<group>"; };
		59B2D848DE1134A154919607 /* Pods_proydamii_proydamiiUITests.framework */ = {isa = PBXFileReference; explicitFileType = wrapper.framework; includeInIndex = 0; path = Pods_proydamii_proydamiiUITests.framework; sourceTree = BUILT_PRODUCTS_DIR; };
		6320B5A8C1821F4A48915753 /* Pods_proydamiiTests.framework */ = {isa = PBXFileReference; explicitFileType = wrapper.framework; includeInIndex = 0; path = Pods_proydamiiTests.framework; sourceTree = BUILT_PRODUCTS_DIR; };
		89057184C8D65E695D712EBC /* Pods_proydamii.framework */ = {isa = PBXFileReference; explicitFileType = wrapper.framework; includeInIndex = 0; path = Pods_proydamii.framework; sourceTree = BUILT_PRODUCTS_DIR; };
		8FD0A8739BADBCC68760B288 /* Pods-proydamiiTests.debug.xcconfig */ = {isa = PBXFileReference; includeInIndex = 1; lastKnownFileType = text.xcconfig; name = "Pods-proydamiiTests.debug.xcconfig"; path = "Target Support Files/Pods-proydamiiTests/Pods-proydamiiTests.debug.xcconfig"; sourceTree = "<group>"; };
		ACF22E4904F71976E3FBE124 /* Pods-proydamii.release.xcconfig */ = {isa = PBXFileReference; includeInIndex = 1; lastKnownFileType = text.xcconfig; name = "Pods-proydamii.release.xcconfig"; path = "Target Support Files/Pods-proydamii/Pods-proydamii.release.xcconfig"; sourceTree = "<group>"; };
		C327C50F2581AA3D00BE2B0B /* proydamii.app */ = {isa = PBXFileReference; explicitFileType = wrapper.application; includeInIndex = 0; path = proydamii.app; sourceTree = BUILT_PRODUCTS_DIR; };
		C327C5122581AA3D00BE2B0B /* AppDelegate.swift */ = {isa = PBXFileReference; lastKnownFileType = sourcecode.swift; path = AppDelegate.swift; sourceTree = "<group>"; };
		C327C5142581AA3D00BE2B0B /* SceneDelegate.swift */ = {isa = PBXFileReference; lastKnownFileType = sourcecode.swift; path = SceneDelegate.swift; sourceTree = "<group>"; };
		C327C5162581AA3D00BE2B0B /* ViewController.swift */ = {isa = PBXFileReference; lastKnownFileType = sourcecode.swift; path = ViewController.swift; sourceTree = "<group>"; };
		C327C5192581AA3D00BE2B0B /* Base */ = {isa = PBXFileReference; lastKnownFileType = file.storyboard; name = Base; path = Base.lproj/Main.storyboard; sourceTree = "<group>"; };
		C327C51C2581AA3D00BE2B0B /* proydamii.xcdatamodel */ = {isa = PBXFileReference; lastKnownFileType = wrapper.xcdatamodel; path = proydamii.xcdatamodel; sourceTree = "<group>"; };
		C327C51E2581AA4000BE2B0B /* Assets.xcassets */ = {isa = PBXFileReference; lastKnownFileType = folder.assetcatalog; path = Assets.xcassets; sourceTree = "<group>"; };
		C327C5212581AA4000BE2B0B /* Base */ = {isa = PBXFileReference; lastKnownFileType = file.storyboard; name = Base; path = Base.lproj/LaunchScreen.storyboard; sourceTree = "<group>"; };
		C327C5232581AA4000BE2B0B /* Info.plist */ = {isa = PBXFileReference; lastKnownFileType = text.plist.xml; path = Info.plist; sourceTree = "<group>"; };
		C327C5282581AA4100BE2B0B /* proydamiiTests.xctest */ = {isa = PBXFileReference; explicitFileType = wrapper.cfbundle; includeInIndex = 0; path = proydamiiTests.xctest; sourceTree = BUILT_PRODUCTS_DIR; };
		C327C52C2581AA4100BE2B0B /* proydamiiTests.swift */ = {isa = PBXFileReference; lastKnownFileType = sourcecode.swift; path = proydamiiTests.swift; sourceTree = "<group>"; };
		C327C52E2581AA4100BE2B0B /* Info.plist */ = {isa = PBXFileReference; lastKnownFileType = text.plist.xml; path = Info.plist; sourceTree = "<group>"; };
		C327C5332581AA4100BE2B0B /* proydamiiUITests.xctest */ = {isa = PBXFileReference; explicitFileType = wrapper.cfbundle; includeInIndex = 0; path = proydamiiUITests.xctest; sourceTree = BUILT_PRODUCTS_DIR; };
		C327C5372581AA4100BE2B0B /* proydamiiUITests.swift */ = {isa = PBXFileReference; lastKnownFileType = sourcecode.swift; path = proydamiiUITests.swift; sourceTree = "<group>"; };
		C327C5392581AA4100BE2B0B /* Info.plist */ = {isa = PBXFileReference; lastKnownFileType = text.plist.xml; path = Info.plist; sourceTree = "<group>"; };
		C327C54A2581AC8000BE2B0B /* Colors.swift */ = {isa = PBXFileReference; lastKnownFileType = sourcecode.swift; path = Colors.swift; sourceTree = "<group>"; };
		C327C55225834B5200BE2B0B /* apple.png */ = {isa = PBXFileReference; lastKnownFileType = image.png; path = apple.png; sourceTree = "<group>"; };
		C327C56D2583627500BE2B0B /* View2Controller.swift */ = {isa = PBXFileReference; lastKnownFileType = sourcecode.swift; path = View2Controller.swift; sourceTree = "<group>"; };
		C327C5722584467500BE2B0B /* SignUpViewController.swift */ = {isa = PBXFileReference; fileEncoding = 4; lastKnownFileType = sourcecode.swift; path = SignUpViewController.swift; sourceTree = "<group>"; };
		C327C58F258483BA00BE2B0B /* AuthViewController.swift */ = {isa = PBXFileReference; fileEncoding = 4; lastKnownFileType = sourcecode.swift; path = AuthViewController.swift; sourceTree = "<group>"; };
		C327C5982584863C00BE2B0B /* GoogleService-Info.plist */ = {isa = PBXFileReference; fileEncoding = 4; lastKnownFileType = text.plist.xml; path = "GoogleService-Info.plist"; sourceTree = "<group>"; };
		C327C59D2584873200BE2B0B /* HomeViewController.swift */ = {isa = PBXFileReference; lastKnownFileType = sourcecode.swift; path = HomeViewController.swift; sourceTree = "<group>"; };
/* End PBXFileReference section */

/* Begin PBXFrameworksBuildPhase section */
		C327C50C2581AA3D00BE2B0B /* Frameworks */ = {
			isa = PBXFrameworksBuildPhase;
			buildActionMask = 2147483647;
			files = (
				9D0C2146A2229DEA1E45DB21 /* Pods_proydamii.framework in Frameworks */,
			);
			runOnlyForDeploymentPostprocessing = 0;
		};
		C327C5252581AA4100BE2B0B /* Frameworks */ = {
			isa = PBXFrameworksBuildPhase;
			buildActionMask = 2147483647;
			files = (
				EC832DD00E20FEA383F966DC /* Pods_proydamiiTests.framework in Frameworks */,
			);
			runOnlyForDeploymentPostprocessing = 0;
		};
		C327C5302581AA4100BE2B0B /* Frameworks */ = {
			isa = PBXFrameworksBuildPhase;
			buildActionMask = 2147483647;
			files = (
				7A45D6CED67DDB4066AEBC65 /* Pods_proydamii_proydamiiUITests.framework in Frameworks */,
			);
			runOnlyForDeploymentPostprocessing = 0;
		};
/* End PBXFrameworksBuildPhase section */

/* Begin PBXGroup section */
		12A83B38991D712C2666880E /* Frameworks */ = {
			isa = PBXGroup;
			children = (
				89057184C8D65E695D712EBC /* Pods_proydamii.framework */,
				59B2D848DE1134A154919607 /* Pods_proydamii_proydamiiUITests.framework */,
				6320B5A8C1821F4A48915753 /* Pods_proydamiiTests.framework */,
			);
			name = Frameworks;
			sourceTree = "<group>";
		};
		1ED218782586F159002E7784 /* Admin */ = {
			isa = PBXGroup;
			children = (
				1ED218732586F150002E7784 /* AdminViewController.swift */,
				1ED2187C2586F4E8002E7784 /* NoticiasViewController.swift */,
				1ED218812586FE43002E7784 /* NoticiaDetailViewController.swift */,
			);
			path = Admin;
			sourceTree = "<group>";
		};
		3A37B4EE2585F37300015B29 /* Utils */ = {
			isa = PBXGroup;
			children = (
				3A37B4F02585F39400015B29 /* File.swift */,
			);
			path = Utils;
			sourceTree = "<group>";
		};
		3A37B4F525869A0A00015B29 /* Depositos */ = {
			isa = PBXGroup;
			children = (
				3A37B4F625869A2C00015B29 /* CCIViewController.swift */,
			);
			path = Depositos;
			sourceTree = "<group>";
		};
		3A37B5102586BBB200015B29 /* Cells */ = {
			isa = PBXGroup;
			children = (
				3A37B5112586BBEA00015B29 /* transTableViewCell.swift */,
				3A37B5122586BBEA00015B29 /* transTableViewCell.xib */,
				1ED2188B258703B9002E7784 /* NoticiasViewCell.swift */,
				1ED2189025870560002E7784 /* NoticiasTableViewCell.swift */,
			);
			path = Cells;
			sourceTree = "<group>";
		};
		B7C082BA7A23C10A3FB53B44 /* Pods */ = {
			isa = PBXGroup;
			children = (
				18E1B1CD5CA2D59E64EBFDA5 /* Pods-proydamii.debug.xcconfig */,
				ACF22E4904F71976E3FBE124 /* Pods-proydamii.release.xcconfig */,
				1A60DCAF7F7775DE3F305E13 /* Pods-proydamii-proydamiiUITests.debug.xcconfig */,
				3C5DCA4A84540E614AB5D973 /* Pods-proydamii-proydamiiUITests.release.xcconfig */,
				8FD0A8739BADBCC68760B288 /* Pods-proydamiiTests.debug.xcconfig */,
				234943816F68439F0A544D41 /* Pods-proydamiiTests.release.xcconfig */,
			);
			path = Pods;
			sourceTree = "<group>";
		};
		C327C5062581AA3D00BE2B0B = {
			isa = PBXGroup;
			children = (
				C327C5112581AA3D00BE2B0B /* proydamii */,
				C327C52B2581AA4100BE2B0B /* proydamiiTests */,
				C327C5362581AA4100BE2B0B /* proydamiiUITests */,
				C327C5102581AA3D00BE2B0B /* Products */,
				B7C082BA7A23C10A3FB53B44 /* Pods */,
				12A83B38991D712C2666880E /* Frameworks */,
			);
			sourceTree = "<group>";
		};
		C327C5102581AA3D00BE2B0B /* Products */ = {
			isa = PBXGroup;
			children = (
				C327C50F2581AA3D00BE2B0B /* proydamii.app */,
				C327C5282581AA4100BE2B0B /* proydamiiTests.xctest */,
				C327C5332581AA4100BE2B0B /* proydamiiUITests.xctest */,
			);
			name = Products;
			sourceTree = "<group>";
		};
		C327C5112581AA3D00BE2B0B /* proydamii */ = {
			isa = PBXGroup;
			children = (
				1ED218782586F159002E7784 /* Admin */,
				3A37B5102586BBB200015B29 /* Cells */,
				3A37B4F525869A0A00015B29 /* Depositos */,
				3A37B4EE2585F37300015B29 /* Utils */,
				C327C594258483C500BE2B0B /* Auth */,
				C327C5482581AB8000BE2B0B /* Models */,
				C327C5122581AA3D00BE2B0B /* AppDelegate.swift */,
				C327C55225834B5200BE2B0B /* apple.png */,
				C327C5142581AA3D00BE2B0B /* SceneDelegate.swift */,
				C327C5162581AA3D00BE2B0B /* ViewController.swift */,
				C327C5182581AA3D00BE2B0B /* Main.storyboard */,
				C327C51E2581AA4000BE2B0B /* Assets.xcassets */,
				C327C5202581AA4000BE2B0B /* LaunchScreen.storyboard */,
				C327C5232581AA4000BE2B0B /* Info.plist */,
				C327C51B2581AA3D00BE2B0B /* proydamii.xcdatamodeld */,
				C327C56D2583627500BE2B0B /* View2Controller.swift */,
				C327C5982584863C00BE2B0B /* GoogleService-Info.plist */,
				C327C59D2584873200BE2B0B /* HomeViewController.swift */,
			);
			path = proydamii;
			sourceTree = "<group>";
		};
		C327C52B2581AA4100BE2B0B /* proydamiiTests */ = {
			isa = PBXGroup;
			children = (
				C327C52C2581AA4100BE2B0B /* proydamiiTests.swift */,
				C327C52E2581AA4100BE2B0B /* Info.plist */,
			);
			path = proydamiiTests;
			sourceTree = "<group>";
		};
		C327C5362581AA4100BE2B0B /* proydamiiUITests */ = {
			isa = PBXGroup;
			children = (
				C327C5372581AA4100BE2B0B /* proydamiiUITests.swift */,
				C327C5392581AA4100BE2B0B /* Info.plist */,
			);
			path = proydamiiUITests;
			sourceTree = "<group>";
		};
		C327C5482581AB8000BE2B0B /* Models */ = {
			isa = PBXGroup;
			children = (
				C327C54A2581AC8000BE2B0B /* Colors.swift */,
				1ED2186E2586DD24002E7784 /* Transferencia.swift */,
				1ED2188625870315002E7784 /* Noticia.swift */,
			);
			path = Models;
			sourceTree = "<group>";
		};
		C327C594258483C500BE2B0B /* Auth */ = {
			isa = PBXGroup;
			children = (
				C327C58F258483BA00BE2B0B /* AuthViewController.swift */,
				C327C5722584467500BE2B0B /* SignUpViewController.swift */,
			);
			path = Auth;
			sourceTree = "<group>";
		};
/* End PBXGroup section */

/* Begin PBXNativeTarget section */
		C327C50E2581AA3D00BE2B0B /* proydamii */ = {
			isa = PBXNativeTarget;
			buildConfigurationList = C327C53C2581AA4100BE2B0B /* Build configuration list for PBXNativeTarget "proydamii" */;
			buildPhases = (
				4AB1D6FCF35D843135878401 /* [CP] Check Pods Manifest.lock */,
				C327C50B2581AA3D00BE2B0B /* Sources */,
				C327C50C2581AA3D00BE2B0B /* Frameworks */,
				C327C50D2581AA3D00BE2B0B /* Resources */,
				E86629ACAA9D889A6489D10A /* [CP] Embed Pods Frameworks */,
			);
			buildRules = (
			);
			dependencies = (
			);
			name = proydamii;
			productName = proydamii;
			productReference = C327C50F2581AA3D00BE2B0B /* proydamii.app */;
			productType = "com.apple.product-type.application";
		};
		C327C5272581AA4100BE2B0B /* proydamiiTests */ = {
			isa = PBXNativeTarget;
			buildConfigurationList = C327C53F2581AA4100BE2B0B /* Build configuration list for PBXNativeTarget "proydamiiTests" */;
			buildPhases = (
				E368CCDA3CC9027AD81AA560 /* [CP] Check Pods Manifest.lock */,
				C327C5242581AA4100BE2B0B /* Sources */,
				C327C5252581AA4100BE2B0B /* Frameworks */,
				C327C5262581AA4100BE2B0B /* Resources */,
			);
			buildRules = (
			);
			dependencies = (
				C327C52A2581AA4100BE2B0B /* PBXTargetDependency */,
			);
			name = proydamiiTests;
			productName = proydamiiTests;
			productReference = C327C5282581AA4100BE2B0B /* proydamiiTests.xctest */;
			productType = "com.apple.product-type.bundle.unit-test";
		};
		C327C5322581AA4100BE2B0B /* proydamiiUITests */ = {
			isa = PBXNativeTarget;
			buildConfigurationList = C327C5422581AA4100BE2B0B /* Build configuration list for PBXNativeTarget "proydamiiUITests" */;
			buildPhases = (
				5861EB32FE4E3D429B60B683 /* [CP] Check Pods Manifest.lock */,
				C327C52F2581AA4100BE2B0B /* Sources */,
				C327C5302581AA4100BE2B0B /* Frameworks */,
				C327C5312581AA4100BE2B0B /* Resources */,
				7419297548D900A2CEF29922 /* [CP] Embed Pods Frameworks */,
			);
			buildRules = (
			);
			dependencies = (
				C327C5352581AA4100BE2B0B /* PBXTargetDependency */,
			);
			name = proydamiiUITests;
			productName = proydamiiUITests;
			productReference = C327C5332581AA4100BE2B0B /* proydamiiUITests.xctest */;
			productType = "com.apple.product-type.bundle.ui-testing";
		};
/* End PBXNativeTarget section */

/* Begin PBXProject section */
		C327C5072581AA3D00BE2B0B /* Project object */ = {
			isa = PBXProject;
			attributes = {
				LastSwiftUpdateCheck = 1210;
				LastUpgradeCheck = 1210;
				TargetAttributes = {
					C327C50E2581AA3D00BE2B0B = {
						CreatedOnToolsVersion = 12.1;
					};
					C327C5272581AA4100BE2B0B = {
						CreatedOnToolsVersion = 12.1;
						TestTargetID = C327C50E2581AA3D00BE2B0B;
					};
					C327C5322581AA4100BE2B0B = {
						CreatedOnToolsVersion = 12.1;
						TestTargetID = C327C50E2581AA3D00BE2B0B;
					};
				};
			};
			buildConfigurationList = C327C50A2581AA3D00BE2B0B /* Build configuration list for PBXProject "proydamii" */;
			compatibilityVersion = "Xcode 9.3";
			developmentRegion = en;
			hasScannedForEncodings = 0;
			knownRegions = (
				en,
				Base,
			);
			mainGroup = C327C5062581AA3D00BE2B0B;
			productRefGroup = C327C5102581AA3D00BE2B0B /* Products */;
			projectDirPath = "";
			projectRoot = "";
			targets = (
				C327C50E2581AA3D00BE2B0B /* proydamii */,
				C327C5272581AA4100BE2B0B /* proydamiiTests */,
				C327C5322581AA4100BE2B0B /* proydamiiUITests */,
			);
		};
/* End PBXProject section */

/* Begin PBXResourcesBuildPhase section */
		C327C50D2581AA3D00BE2B0B /* Resources */ = {
			isa = PBXResourcesBuildPhase;
			buildActionMask = 2147483647;
			files = (
				3A37B5142586BBEA00015B29 /* transTableViewCell.xib in Resources */,
				C327C5992584863C00BE2B0B /* GoogleService-Info.plist in Resources */,
				C327C5222581AA4000BE2B0B /* LaunchScreen.storyboard in Resources */,
				C327C51F2581AA4000BE2B0B /* Assets.xcassets in Resources */,
				C327C55325834B5200BE2B0B /* apple.png in Resources */,
				C327C51A2581AA3D00BE2B0B /* Main.storyboard in Resources */,
			);
			runOnlyForDeploymentPostprocessing = 0;
		};
		C327C5262581AA4100BE2B0B /* Resources */ = {
			isa = PBXResourcesBuildPhase;
			buildActionMask = 2147483647;
			files = (
			);
			runOnlyForDeploymentPostprocessing = 0;
		};
		C327C5312581AA4100BE2B0B /* Resources */ = {
			isa = PBXResourcesBuildPhase;
			buildActionMask = 2147483647;
			files = (
			);
			runOnlyForDeploymentPostprocessing = 0;
		};
/* End PBXResourcesBuildPhase section */

/* Begin PBXShellScriptBuildPhase section */
		4AB1D6FCF35D843135878401 /* [CP] Check Pods Manifest.lock */ = {
			isa = PBXShellScriptBuildPhase;
			buildActionMask = 2147483647;
			files = (
			);
			inputFileListPaths = (
			);
			inputPaths = (
				"${PODS_PODFILE_DIR_PATH}/Podfile.lock",
				"${PODS_ROOT}/Manifest.lock",
			);
			name = "[CP] Check Pods Manifest.lock";
			outputFileListPaths = (
			);
			outputPaths = (
				"$(DERIVED_FILE_DIR)/Pods-proydamii-checkManifestLockResult.txt",
			);
			runOnlyForDeploymentPostprocessing = 0;
			shellPath = /bin/sh;
			shellScript = "diff \"${PODS_PODFILE_DIR_PATH}/Podfile.lock\" \"${PODS_ROOT}/Manifest.lock\" > /dev/null\nif [ $? != 0 ] ; then\n    # print error to STDERR\n    echo \"error: The sandbox is not in sync with the Podfile.lock. Run 'pod install' or update your CocoaPods installation.\" >&2\n    exit 1\nfi\n# This output is used by Xcode 'outputs' to avoid re-running this script phase.\necho \"SUCCESS\" > \"${SCRIPT_OUTPUT_FILE_0}\"\n";
			showEnvVarsInLog = 0;
		};
		5861EB32FE4E3D429B60B683 /* [CP] Check Pods Manifest.lock */ = {
			isa = PBXShellScriptBuildPhase;
			buildActionMask = 2147483647;
			files = (
			);
			inputFileListPaths = (
			);
			inputPaths = (
				"${PODS_PODFILE_DIR_PATH}/Podfile.lock",
				"${PODS_ROOT}/Manifest.lock",
			);
			name = "[CP] Check Pods Manifest.lock";
			outputFileListPaths = (
			);
			outputPaths = (
				"$(DERIVED_FILE_DIR)/Pods-proydamii-proydamiiUITests-checkManifestLockResult.txt",
			);
			runOnlyForDeploymentPostprocessing = 0;
			shellPath = /bin/sh;
			shellScript = "diff \"${PODS_PODFILE_DIR_PATH}/Podfile.lock\" \"${PODS_ROOT}/Manifest.lock\" > /dev/null\nif [ $? != 0 ] ; then\n    # print error to STDERR\n    echo \"error: The sandbox is not in sync with the Podfile.lock. Run 'pod install' or update your CocoaPods installation.\" >&2\n    exit 1\nfi\n# This output is used by Xcode 'outputs' to avoid re-running this script phase.\necho \"SUCCESS\" > \"${SCRIPT_OUTPUT_FILE_0}\"\n";
			showEnvVarsInLog = 0;
		};
		7419297548D900A2CEF29922 /* [CP] Embed Pods Frameworks */ = {
			isa = PBXShellScriptBuildPhase;
			buildActionMask = 2147483647;
			files = (
			);
			inputFileListPaths = (
				"${PODS_ROOT}/Target Support Files/Pods-proydamii-proydamiiUITests/Pods-proydamii-proydamiiUITests-frameworks-${CONFIGURATION}-input-files.xcfilelist",
			);
			name = "[CP] Embed Pods Frameworks";
			outputFileListPaths = (
				"${PODS_ROOT}/Target Support Files/Pods-proydamii-proydamiiUITests/Pods-proydamii-proydamiiUITests-frameworks-${CONFIGURATION}-output-files.xcfilelist",
			);
			runOnlyForDeploymentPostprocessing = 0;
			shellPath = /bin/sh;
			shellScript = "\"${PODS_ROOT}/Target Support Files/Pods-proydamii-proydamiiUITests/Pods-proydamii-proydamiiUITests-frameworks.sh\"\n";
			showEnvVarsInLog = 0;
		};
		E368CCDA3CC9027AD81AA560 /* [CP] Check Pods Manifest.lock */ = {
			isa = PBXShellScriptBuildPhase;
			buildActionMask = 2147483647;
			files = (
			);
			inputFileListPaths = (
			);
			inputPaths = (
				"${PODS_PODFILE_DIR_PATH}/Podfile.lock",
				"${PODS_ROOT}/Manifest.lock",
			);
			name = "[CP] Check Pods Manifest.lock";
			outputFileListPaths = (
			);
			outputPaths = (
				"$(DERIVED_FILE_DIR)/Pods-proydamiiTests-checkManifestLockResult.txt",
			);
			runOnlyForDeploymentPostprocessing = 0;
			shellPath = /bin/sh;
			shellScript = "diff \"${PODS_PODFILE_DIR_PATH}/Podfile.lock\" \"${PODS_ROOT}/Manifest.lock\" > /dev/null\nif [ $? != 0 ] ; then\n    # print error to STDERR\n    echo \"error: The sandbox is not in sync with the Podfile.lock. Run 'pod install' or update your CocoaPods installation.\" >&2\n    exit 1\nfi\n# This output is used by Xcode 'outputs' to avoid re-running this script phase.\necho \"SUCCESS\" > \"${SCRIPT_OUTPUT_FILE_0}\"\n";
			showEnvVarsInLog = 0;
		};
		E86629ACAA9D889A6489D10A /* [CP] Embed Pods Frameworks */ = {
			isa = PBXShellScriptBuildPhase;
			buildActionMask = 2147483647;
			files = (
			);
			inputFileListPaths = (
				"${PODS_ROOT}/Target Support Files/Pods-proydamii/Pods-proydamii-frameworks-${CONFIGURATION}-input-files.xcfilelist",
			);
			name = "[CP] Embed Pods Frameworks";
			outputFileListPaths = (
				"${PODS_ROOT}/Target Support Files/Pods-proydamii/Pods-proydamii-frameworks-${CONFIGURATION}-output-files.xcfilelist",
			);
			runOnlyForDeploymentPostprocessing = 0;
			shellPath = /bin/sh;
			shellScript = "\"${PODS_ROOT}/Target Support Files/Pods-proydamii/Pods-proydamii-frameworks.sh\"\n";
			showEnvVarsInLog = 0;
		};
/* End PBXShellScriptBuildPhase section */

/* Begin PBXSourcesBuildPhase section */
		C327C50B2581AA3D00BE2B0B /* Sources */ = {
			isa = PBXSourcesBuildPhase;
			buildActionMask = 2147483647;
			files = (
				1ED2187D2586F4E8002E7784 /* NoticiasViewController.swift in Sources */,
				3A37B4F725869A2C00015B29 /* CCIViewController.swift in Sources */,
				C327C5732584467500BE2B0B /* SignUpViewController.swift in Sources */,
				3A37B5132586BBEA00015B29 /* transTableViewCell.swift in Sources */,
				C327C51D2581AA3D00BE2B0B /* proydamii.xcdatamodeld in Sources */,
				1ED218742586F150002E7784 /* AdminViewController.swift in Sources */,
				C327C56E2583627500BE2B0B /* View2Controller.swift in Sources */,
				C327C54B2581AC8000BE2B0B /* Colors.swift in Sources */,
				1ED2189125870560002E7784 /* NoticiasTableViewCell.swift in Sources */,
				C327C590258483BA00BE2B0B /* AuthViewController.swift in Sources */,
				3A37B4F12585F39400015B29 /* File.swift in Sources */,
				1ED2188C258703B9002E7784 /* NoticiasViewCell.swift in Sources */,
				C327C59E2584873200BE2B0B /* HomeViewController.swift in Sources */,
				C327C5172581AA3D00BE2B0B /* ViewController.swift in Sources */,
				1ED2188725870315002E7784 /* Noticia.swift in Sources */,
				C327C5132581AA3D00BE2B0B /* AppDelegate.swift in Sources */,
				C327C5152581AA3D00BE2B0B /* SceneDelegate.swift in Sources */,
				1ED2186F2586DD24002E7784 /* Transferencia.swift in Sources */,
				1ED218822586FE43002E7784 /* NoticiaDetailViewController.swift in Sources */,
			);
			runOnlyForDeploymentPostprocessing = 0;
		};
		C327C5242581AA4100BE2B0B /* Sources */ = {
			isa = PBXSourcesBuildPhase;
			buildActionMask = 2147483647;
			files = (
				C327C52D2581AA4100BE2B0B /* proydamiiTests.swift in Sources */,
			);
			runOnlyForDeploymentPostprocessing = 0;
		};
		C327C52F2581AA4100BE2B0B /* Sources */ = {
			isa = PBXSourcesBuildPhase;
			buildActionMask = 2147483647;
			files = (
				C327C5382581AA4100BE2B0B /* proydamiiUITests.swift in Sources */,
			);
			runOnlyForDeploymentPostprocessing = 0;
		};
/* End PBXSourcesBuildPhase section */

/* Begin PBXTargetDependency section */
		C327C52A2581AA4100BE2B0B /* PBXTargetDependency */ = {
			isa = PBXTargetDependency;
			target = C327C50E2581AA3D00BE2B0B /* proydamii */;
			targetProxy = C327C5292581AA4100BE2B0B /* PBXContainerItemProxy */;
		};
		C327C5352581AA4100BE2B0B /* PBXTargetDependency */ = {
			isa = PBXTargetDependency;
			target = C327C50E2581AA3D00BE2B0B /* proydamii */;
			targetProxy = C327C5342581AA4100BE2B0B /* PBXContainerItemProxy */;
		};
/* End PBXTargetDependency section */

/* Begin PBXVariantGroup section */
		C327C5182581AA3D00BE2B0B /* Main.storyboard */ = {
			isa = PBXVariantGroup;
			children = (
				C327C5192581AA3D00BE2B0B /* Base */,
			);
			name = Main.storyboard;
			sourceTree = "<group>";
		};
		C327C5202581AA4000BE2B0B /* LaunchScreen.storyboard */ = {
			isa = PBXVariantGroup;
			children = (
				C327C5212581AA4000BE2B0B /* Base */,
			);
			name = LaunchScreen.storyboard;
			sourceTree = "<group>";
		};
/* End PBXVariantGroup section */

/* Begin XCBuildConfiguration section */
		C327C53A2581AA4100BE2B0B /* Debug */ = {
			isa = XCBuildConfiguration;
			buildSettings = {
				ALWAYS_SEARCH_USER_PATHS = NO;
				CLANG_ANALYZER_NONNULL = YES;
				CLANG_ANALYZER_NUMBER_OBJECT_CONVERSION = YES_AGGRESSIVE;
				CLANG_CXX_LANGUAGE_STANDARD = "gnu++14";
				CLANG_CXX_LIBRARY = "libc++";
				CLANG_ENABLE_MODULES = YES;
				CLANG_ENABLE_OBJC_ARC = YES;
				CLANG_ENABLE_OBJC_WEAK = YES;
				CLANG_WARN_BLOCK_CAPTURE_AUTORELEASING = YES;
				CLANG_WARN_BOOL_CONVERSION = YES;
				CLANG_WARN_COMMA = YES;
				CLANG_WARN_CONSTANT_CONVERSION = YES;
				CLANG_WARN_DEPRECATED_OBJC_IMPLEMENTATIONS = YES;
				CLANG_WARN_DIRECT_OBJC_ISA_USAGE = YES_ERROR;
				CLANG_WARN_DOCUMENTATION_COMMENTS = YES;
				CLANG_WARN_EMPTY_BODY = YES;
				CLANG_WARN_ENUM_CONVERSION = YES;
				CLANG_WARN_INFINITE_RECURSION = YES;
				CLANG_WARN_INT_CONVERSION = YES;
				CLANG_WARN_NON_LITERAL_NULL_CONVERSION = YES;
				CLANG_WARN_OBJC_IMPLICIT_RETAIN_SELF = YES;
				CLANG_WARN_OBJC_LITERAL_CONVERSION = YES;
				CLANG_WARN_OBJC_ROOT_CLASS = YES_ERROR;
				CLANG_WARN_QUOTED_INCLUDE_IN_FRAMEWORK_HEADER = YES;
				CLANG_WARN_RANGE_LOOP_ANALYSIS = YES;
				CLANG_WARN_STRICT_PROTOTYPES = YES;
				CLANG_WARN_SUSPICIOUS_MOVE = YES;
				CLANG_WARN_UNGUARDED_AVAILABILITY = YES_AGGRESSIVE;
				CLANG_WARN_UNREACHABLE_CODE = YES;
				CLANG_WARN__DUPLICATE_METHOD_MATCH = YES;
				COPY_PHASE_STRIP = NO;
				DEBUG_INFORMATION_FORMAT = dwarf;
				ENABLE_STRICT_OBJC_MSGSEND = YES;
				ENABLE_TESTABILITY = YES;
				GCC_C_LANGUAGE_STANDARD = gnu11;
				GCC_DYNAMIC_NO_PIC = NO;
				GCC_NO_COMMON_BLOCKS = YES;
				GCC_OPTIMIZATION_LEVEL = 0;
				GCC_PREPROCESSOR_DEFINITIONS = (
					"DEBUG=1",
					"$(inherited)",
				);
				GCC_WARN_64_TO_32_BIT_CONVERSION = YES;
				GCC_WARN_ABOUT_RETURN_TYPE = YES_ERROR;
				GCC_WARN_UNDECLARED_SELECTOR = YES;
				GCC_WARN_UNINITIALIZED_AUTOS = YES_AGGRESSIVE;
				GCC_WARN_UNUSED_FUNCTION = YES;
				GCC_WARN_UNUSED_VARIABLE = YES;
				IPHONEOS_DEPLOYMENT_TARGET = 13.6;
				MTL_ENABLE_DEBUG_INFO = INCLUDE_SOURCE;
				MTL_FAST_MATH = YES;
				ONLY_ACTIVE_ARCH = YES;
				SDKROOT = iphoneos;
				SWIFT_ACTIVE_COMPILATION_CONDITIONS = DEBUG;
				SWIFT_OPTIMIZATION_LEVEL = "-Onone";
			};
			name = Debug;
		};
		C327C53B2581AA4100BE2B0B /* Release */ = {
			isa = XCBuildConfiguration;
			buildSettings = {
				ALWAYS_SEARCH_USER_PATHS = NO;
				CLANG_ANALYZER_NONNULL = YES;
				CLANG_ANALYZER_NUMBER_OBJECT_CONVERSION = YES_AGGRESSIVE;
				CLANG_CXX_LANGUAGE_STANDARD = "gnu++14";
				CLANG_CXX_LIBRARY = "libc++";
				CLANG_ENABLE_MODULES = YES;
				CLANG_ENABLE_OBJC_ARC = YES;
				CLANG_ENABLE_OBJC_WEAK = YES;
				CLANG_WARN_BLOCK_CAPTURE_AUTORELEASING = YES;
				CLANG_WARN_BOOL_CONVERSION = YES;
				CLANG_WARN_COMMA = YES;
				CLANG_WARN_CONSTANT_CONVERSION = YES;
				CLANG_WARN_DEPRECATED_OBJC_IMPLEMENTATIONS = YES;
				CLANG_WARN_DIRECT_OBJC_ISA_USAGE = YES_ERROR;
				CLANG_WARN_DOCUMENTATION_COMMENTS = YES;
				CLANG_WARN_EMPTY_BODY = YES;
				CLANG_WARN_ENUM_CONVERSION = YES;
				CLANG_WARN_INFINITE_RECURSION = YES;
				CLANG_WARN_INT_CONVERSION = YES;
				CLANG_WARN_NON_LITERAL_NULL_CONVERSION = YES;
				CLANG_WARN_OBJC_IMPLICIT_RETAIN_SELF = YES;
				CLANG_WARN_OBJC_LITERAL_CONVERSION = YES;
				CLANG_WARN_OBJC_ROOT_CLASS = YES_ERROR;
				CLANG_WARN_QUOTED_INCLUDE_IN_FRAMEWORK_HEADER = YES;
				CLANG_WARN_RANGE_LOOP_ANALYSIS = YES;
				CLANG_WARN_STRICT_PROTOTYPES = YES;
				CLANG_WARN_SUSPICIOUS_MOVE = YES;
				CLANG_WARN_UNGUARDED_AVAILABILITY = YES_AGGRESSIVE;
				CLANG_WARN_UNREACHABLE_CODE = YES;
				CLANG_WARN__DUPLICATE_METHOD_MATCH = YES;
				COPY_PHASE_STRIP = NO;
				DEBUG_INFORMATION_FORMAT = "dwarf-with-dsym";
				ENABLE_NS_ASSERTIONS = NO;
				ENABLE_STRICT_OBJC_MSGSEND = YES;
				GCC_C_LANGUAGE_STANDARD = gnu11;
				GCC_NO_COMMON_BLOCKS = YES;
				GCC_WARN_64_TO_32_BIT_CONVERSION = YES;
				GCC_WARN_ABOUT_RETURN_TYPE = YES_ERROR;
				GCC_WARN_UNDECLARED_SELECTOR = YES;
				GCC_WARN_UNINITIALIZED_AUTOS = YES_AGGRESSIVE;
				GCC_WARN_UNUSED_FUNCTION = YES;
				GCC_WARN_UNUSED_VARIABLE = YES;
				IPHONEOS_DEPLOYMENT_TARGET = 13.6;
				MTL_ENABLE_DEBUG_INFO = NO;
				MTL_FAST_MATH = YES;
				SDKROOT = iphoneos;
				SWIFT_COMPILATION_MODE = wholemodule;
				SWIFT_OPTIMIZATION_LEVEL = "-O";
				VALIDATE_PRODUCT = YES;
			};
			name = Release;
		};
		C327C53D2581AA4100BE2B0B /* Debug */ = {
			isa = XCBuildConfiguration;
			baseConfigurationReference = 18E1B1CD5CA2D59E64EBFDA5 /* Pods-proydamii.debug.xcconfig */;
			buildSettings = {
				ASSETCATALOG_COMPILER_APPICON_NAME = AppIcon;
				ASSETCATALOG_COMPILER_GLOBAL_ACCENT_COLOR_NAME = AccentColor;
				CODE_SIGN_STYLE = Automatic;
				DEVELOPMENT_TEAM = YVKJ589HX3;
				INFOPLIST_FILE = proydamii/Info.plist;
				IPHONEOS_DEPLOYMENT_TARGET = 13.6;
				LD_RUNPATH_SEARCH_PATHS = (
					"$(inherited)",
					"@executable_path/Frameworks",
				);
				PRODUCT_BUNDLE_IDENTIFIER = com.aloshstudios.proydamii;
				PRODUCT_NAME = "$(TARGET_NAME)";
				SWIFT_VERSION = 5.0;
				TARGETED_DEVICE_FAMILY = "1,2";
			};
			name = Debug;
		};
		C327C53E2581AA4100BE2B0B /* Release */ = {
			isa = XCBuildConfiguration;
			baseConfigurationReference = ACF22E4904F71976E3FBE124 /* Pods-proydamii.release.xcconfig */;
			buildSettings = {
				ASSETCATALOG_COMPILER_APPICON_NAME = AppIcon;
				ASSETCATALOG_COMPILER_GLOBAL_ACCENT_COLOR_NAME = AccentColor;
				CODE_SIGN_STYLE = Automatic;
				DEVELOPMENT_TEAM = YVKJ589HX3;
				INFOPLIST_FILE = proydamii/Info.plist;
				IPHONEOS_DEPLOYMENT_TARGET = 13.6;
				LD_RUNPATH_SEARCH_PATHS = (
					"$(inherited)",
					"@executable_path/Frameworks",
				);
				PRODUCT_BUNDLE_IDENTIFIER = com.aloshstudios.proydamii;
				PRODUCT_NAME = "$(TARGET_NAME)";
				SWIFT_VERSION = 5.0;
				TARGETED_DEVICE_FAMILY = "1,2";
			};
			name = Release;
		};
		C327C5402581AA4100BE2B0B /* Debug */ = {
			isa = XCBuildConfiguration;
			baseConfigurationReference = 8FD0A8739BADBCC68760B288 /* Pods-proydamiiTests.debug.xcconfig */;
			buildSettings = {
				ALWAYS_EMBED_SWIFT_STANDARD_LIBRARIES = YES;
				BUNDLE_LOADER = "$(TEST_HOST)";
				CODE_SIGN_STYLE = Automatic;
				DEVELOPMENT_TEAM = YVKJ589HX3;
				INFOPLIST_FILE = proydamiiTests/Info.plist;
				IPHONEOS_DEPLOYMENT_TARGET = 14.1;
				LD_RUNPATH_SEARCH_PATHS = (
					"$(inherited)",
					"@executable_path/Frameworks",
					"@loader_path/Frameworks",
				);
				PRODUCT_BUNDLE_IDENTIFIER = com.aloshstudios.proydamiiTests;
				PRODUCT_NAME = "$(TARGET_NAME)";
				SWIFT_VERSION = 5.0;
				TARGETED_DEVICE_FAMILY = "1,2";
				TEST_HOST = "$(BUILT_PRODUCTS_DIR)/proydamii.app/proydamii";
			};
			name = Debug;
		};
		C327C5412581AA4100BE2B0B /* Release */ = {
			isa = XCBuildConfiguration;
			baseConfigurationReference = 234943816F68439F0A544D41 /* Pods-proydamiiTests.release.xcconfig */;
			buildSettings = {
				ALWAYS_EMBED_SWIFT_STANDARD_LIBRARIES = YES;
				BUNDLE_LOADER = "$(TEST_HOST)";
				CODE_SIGN_STYLE = Automatic;
				DEVELOPMENT_TEAM = YVKJ589HX3;
				INFOPLIST_FILE = proydamiiTests/Info.plist;
				IPHONEOS_DEPLOYMENT_TARGET = 14.1;
				LD_RUNPATH_SEARCH_PATHS = (
					"$(inherited)",
					"@executable_path/Frameworks",
					"@loader_path/Frameworks",
				);
				PRODUCT_BUNDLE_IDENTIFIER = com.aloshstudios.proydamiiTests;
				PRODUCT_NAME = "$(TARGET_NAME)";
				SWIFT_VERSION = 5.0;
				TARGETED_DEVICE_FAMILY = "1,2";
				TEST_HOST = "$(BUILT_PRODUCTS_DIR)/proydamii.app/proydamii";
			};
			name = Release;
		};
		C327C5432581AA4100BE2B0B /* Debug */ = {
			isa = XCBuildConfiguration;
			baseConfigurationReference = 1A60DCAF7F7775DE3F305E13 /* Pods-proydamii-proydamiiUITests.debug.xcconfig */;
			buildSettings = {
				ALWAYS_EMBED_SWIFT_STANDARD_LIBRARIES = YES;
				CODE_SIGN_STYLE = Automatic;
				DEVELOPMENT_TEAM = YVKJ589HX3;
				INFOPLIST_FILE = proydamiiUITests/Info.plist;
				LD_RUNPATH_SEARCH_PATHS = (
					"$(inherited)",
					"@executable_path/Frameworks",
					"@loader_path/Frameworks",
				);
				PRODUCT_BUNDLE_IDENTIFIER = com.aloshstudios.proydamiiUITests;
				PRODUCT_NAME = "$(TARGET_NAME)";
				SWIFT_VERSION = 5.0;
				TARGETED_DEVICE_FAMILY = "1,2";
				TEST_TARGET_NAME = proydamii;
			};
			name = Debug;
		};
		C327C5442581AA4100BE2B0B /* Release */ = {
			isa = XCBuildConfiguration;
			baseConfigurationReference = 3C5DCA4A84540E614AB5D973 /* Pods-proydamii-proydamiiUITests.release.xcconfig */;
			buildSettings = {
				ALWAYS_EMBED_SWIFT_STANDARD_LIBRARIES = YES;
				CODE_SIGN_STYLE = Automatic;
				DEVELOPMENT_TEAM = YVKJ589HX3;
				INFOPLIST_FILE = proydamiiUITests/Info.plist;
				LD_RUNPATH_SEARCH_PATHS = (
					"$(inherited)",
					"@executable_path/Frameworks",
					"@loader_path/Frameworks",
				);
				PRODUCT_BUNDLE_IDENTIFIER = com.aloshstudios.proydamiiUITests;
				PRODUCT_NAME = "$(TARGET_NAME)";
				SWIFT_VERSION = 5.0;
				TARGETED_DEVICE_FAMILY = "1,2";
				TEST_TARGET_NAME = proydamii;
			};
			name = Release;
		};
/* End XCBuildConfiguration section */

/* Begin XCConfigurationList section */
		C327C50A2581AA3D00BE2B0B /* Build configuration list for PBXProject "proydamii" */ = {
			isa = XCConfigurationList;
			buildConfigurations = (
				C327C53A2581AA4100BE2B0B /* Debug */,
				C327C53B2581AA4100BE2B0B /* Release */,
			);
			defaultConfigurationIsVisible = 0;
			defaultConfigurationName = Release;
		};
		C327C53C2581AA4100BE2B0B /* Build configuration list for PBXNativeTarget "proydamii" */ = {
			isa = XCConfigurationList;
			buildConfigurations = (
				C327C53D2581AA4100BE2B0B /* Debug */,
				C327C53E2581AA4100BE2B0B /* Release */,
			);
			defaultConfigurationIsVisible = 0;
			defaultConfigurationName = Release;
		};
		C327C53F2581AA4100BE2B0B /* Build configuration list for PBXNativeTarget "proydamiiTests" */ = {
			isa = XCConfigurationList;
			buildConfigurations = (
				C327C5402581AA4100BE2B0B /* Debug */,
				C327C5412581AA4100BE2B0B /* Release */,
			);
			defaultConfigurationIsVisible = 0;
			defaultConfigurationName = Release;
		};
		C327C5422581AA4100BE2B0B /* Build configuration list for PBXNativeTarget "proydamiiUITests" */ = {
			isa = XCConfigurationList;
			buildConfigurations = (
				C327C5432581AA4100BE2B0B /* Debug */,
				C327C5442581AA4100BE2B0B /* Release */,
			);
			defaultConfigurationIsVisible = 0;
			defaultConfigurationName = Release;
		};
/* End XCConfigurationList section */

/* Begin XCVersionGroup section */
		C327C51B2581AA3D00BE2B0B /* proydamii.xcdatamodeld */ = {
			isa = XCVersionGroup;
			children = (
				C327C51C2581AA3D00BE2B0B /* proydamii.xcdatamodel */,
			);
			currentVersion = C327C51C2581AA3D00BE2B0B /* proydamii.xcdatamodel */;
			path = proydamii.xcdatamodeld;
			sourceTree = "<group>";
			versionGroupType = wrapper.xcdatamodel;
		};
/* End XCVersionGroup section */
	};
	rootObject = C327C5072581AA3D00BE2B0B /* Project object */;
}
