// !$*UTF8*$!
{
	archiveVersion = 1;
	classes = {
	};
	objectVersion = 50;
	objects = {

/* Begin PBXBuildFile section */
		C327C5132581AA3D00BE2B0B /* AppDelegate.swift in Sources */ = {isa = PBXBuildFile; fileRef = C327C5122581AA3D00BE2B0B /* AppDelegate.swift */; };
		C327C5152581AA3D00BE2B0B /* SceneDelegate.swift in Sources */ = {isa = PBXBuildFile; fileRef = C327C5142581AA3D00BE2B0B /* SceneDelegate.swift */; };
		C327C5172581AA3D00BE2B0B /* ViewController.swift in Sources */ = {isa = PBXBuildFile; fileRef = C327C5162581AA3D00BE2B0B /* ViewController.swift */; };
		C327C51A2581AA3D00BE2B0B /* Main.storyboard in Resources */ = {isa = PBXBuildFile; fileRef = C327C5182581AA3D00BE2B0B /* Main.storyboard */; };
		C327C51D2581AA3D00BE2B0B /* proydamii.xcdatamodeld in Sources */ = {isa = PBXBuildFile; fileRef = C327C51B2581AA3D00BE2B0B /* proydamii.xcdatamodeld */; };
		C327C51F2581AA4000BE2B0B /* Assets.xcassets in Resources */ = {isa = PBXBuildFile; fileRef = C327C51E2581AA4000BE2B0B /* Assets.xcassets */; };
		C327C5222581AA4000BE2B0B /* LaunchScreen.storyboard in Resources */ = {isa = PBXBuildFile; fileRef = C327C5202581AA4000BE2B0B /* LaunchScreen.storyboard */; };
		C327C52D2581AA4100BE2B0B /* proydamiiTests.swift in Sources */ = {isa = PBXBuildFile; fileRef = C327C52C2581AA4100BE2B0B /* proydamiiTests.swift */; };
		C327C5382581AA4100BE2B0B /* proydamiiUITests.swift in Sources */ = {isa = PBXBuildFile; fileRef = C327C5372581AA4100BE2B0B /* proydamiiUITests.swift */; };
/* End PBXBuildFile section */

/* Begin PBXContainerItemProxy section */
		C327C5292581AA4100BE2B0B /* PBXContainerItemProxy */ = {
			isa = PBXContainerItemProxy;
			containerPortal = C327C5072581AA3D00BE2B0B /* Project object */;
			proxyType = 1;
			remoteGlobalIDString = C327C50E2581AA3D00BE2B0B;
			remoteInfo = proydamii;
		};
		C327C5342581AA4100BE2B0B /* PBXContainerItemProxy */ = {
			isa = PBXContainerItemProxy;
			containerPortal = C327C5072581AA3D00BE2B0B /* Project object */;
			proxyType = 1;
			remoteGlobalIDString = C327C50E2581AA3D00BE2B0B;
			remoteInfo = proydamii;
		};
/* End PBXContainerItemProxy section */

/* Begin PBXFileReference section */
		C327C50F2581AA3D00BE2B0B /* proydamii.app */ = {isa = PBXFileReference; explicitFileType = wrapper.application; includeInIndex = 0; path = proydamii.app; sourceTree = BUILT_PRODUCTS_DIR; };
		C327C5122581AA3D00BE2B0B /* AppDelegate.swift */ = {isa = PBXFileReference; lastKnownFileType = sourcecode.swift; path = AppDelegate.swift; sourceTree = "<group>"; };
		C327C5142581AA3D00BE2B0B /* SceneDelegate.swift */ = {isa = PBXFileReference; lastKnownFileType = sourcecode.swift; path = SceneDelegate.swift; sourceTree = "<group>"; };
		C327C5162581AA3D00BE2B0B /* ViewController.swift */ = {isa = PBXFileReference; lastKnownFileType = sourcecode.swift; path = ViewController.swift; sourceTree = "<group>"; };
		C327C5192581AA3D00BE2B0B /* Base */ = {isa = PBXFileReference; lastKnownFileType = file.storyboard; name = Base; path = Base.lproj/Main.storyboard; sourceTree = "<group>"; };
		C327C51C2581AA3D00BE2B0B /* proydamii.xcdatamodel */ = {isa = PBXFileReference; lastKnownFileType = wrapper.xcdatamodel; path = proydamii.xcdatamodel; sourceTree = "<group>"; };
		C327C51E2581AA4000BE2B0B /* Assets.xcassets */ = {isa = PBXFileReference; lastKnownFileType = folder.assetcatalog; path = Assets.xcassets; sourceTree = "<group>"; };
		C327C5212581AA4000BE2B0B /* Base */ = {isa = PBXFileReference; lastKnownFileType = file.storyboard; name = Base; path = Base.lproj/LaunchScreen.storyboard; sourceTree = "<group>"; };
		C327C5232581AA4000BE2B0B /* Info.plist */ = {isa = PBXFileReference; lastKnownFileType = text.plist.xml; path = Info.plist; sourceTree = "<group>"; };
		C327C5282581AA4100BE2B0B /* proydamiiTests.xctest */ = {isa = PBXFileReference; explicitFileType = wrapper.cfbundle; includeInIndex = 0; path = proydamiiTests.xctest; sourceTree = BUILT_PRODUCTS_DIR; };
		C327C52C2581AA4100BE2B0B /* proydamiiTests.swift */ = {isa = PBXFileReference; lastKnownFileType = sourcecode.swift; path = proydamiiTests.swift; sourceTree = "<group>"; };
		C327C52E2581AA4100BE2B0B /* Info.plist */ = {isa = PBXFileReference; lastKnownFileType = text.plist.xml; path = Info.plist; sourceTree = "<group>"; };
		C327C5332581AA4100BE2B0B /* proydamiiUITests.xctest */ = {isa = PBXFileReference; explicitFileType = wrapper.cfbundle; includeInIndex = 0; path = proydamiiUITests.xctest; sourceTree = BUILT_PRODUCTS_DIR; };
		C327C5372581AA4100BE2B0B /* proydamiiUITests.swift */ = {isa = PBXFileReference; lastKnownFileType = sourcecode.swift; path = proydamiiUITests.swift; sourceTree = "<group>"; };
		C327C5392581AA4100BE2B0B /* Info.plist */ = {isa = PBXFileReference; lastKnownFileType = text.plist.xml; path = Info.plist; sourceTree = "<group>"; };
/* End PBXFileReference section */

/* Begin PBXFrameworksBuildPhase section */
		C327C50C2581AA3D00BE2B0B /* Frameworks */ = {
			isa = PBXFrameworksBuildPhase;
			buildActionMask = 2147483647;
			files = (
			);
			runOnlyForDeploymentPostprocessing = 0;
		};
		C327C5252581AA4100BE2B0B /* Frameworks */ = {
			isa = PBXFrameworksBuildPhase;
			buildActionMask = 2147483647;
			files = (
			);
			runOnlyForDeploymentPostprocessing = 0;
		};
		C327C5302581AA4100BE2B0B /* Frameworks */ = {
			isa = PBXFrameworksBuildPhase;
			buildActionMask = 2147483647;
			files = (
			);
			runOnlyForDeploymentPostprocessing = 0;
		};
/* End PBXFrameworksBuildPhase section */

/* Begin PBXGroup section */
		C327C5062581AA3D00BE2B0B = {
			isa = PBXGroup;
			children = (
				C327C5112581AA3D00BE2B0B /* proydamii */,
				C327C52B2581AA4100BE2B0B /* proydamiiTests */,
				C327C5362581AA4100BE2B0B /* proydamiiUITests */,
				C327C5102581AA3D00BE2B0B /* Products */,
			);
			sourceTree = "<group>";
		};
		C327C5102581AA3D00BE2B0B /* Products */ = {
			isa = PBXGroup;
			children = (
				C327C50F2581AA3D00BE2B0B /* proydamii.app */,
				C327C5282581AA4100BE2B0B /* proydamiiTests.xctest */,
				C327C5332581AA4100BE2B0B /* proydamiiUITests.xctest */,
			);
			name = Products;
			sourceTree = "<group>";
		};
		C327C5112581AA3D00BE2B0B /* proydamii */ = {
			isa = PBXGroup;
			children = (
				C327C5122581AA3D00BE2B0B /* AppDelegate.swift */,
				C327C5142581AA3D00BE2B0B /* SceneDelegate.swift */,
				C327C5162581AA3D00BE2B0B /* ViewController.swift */,
				C327C5182581AA3D00BE2B0B /* Main.storyboard */,
				C327C51E2581AA4000BE2B0B /* Assets.xcassets */,
				C327C5202581AA4000BE2B0B /* LaunchScreen.storyboard */,
				C327C5232581AA4000BE2B0B /* Info.plist */,
				C327C51B2581AA3D00BE2B0B /* proydamii.xcdatamodeld */,
			);
			path = proydamii;
			sourceTree = "<group>";
		};
		C327C52B2581AA4100BE2B0B /* proydamiiTests */ = {
			isa = PBXGroup;
			children = (
				C327C52C2581AA4100BE2B0B /* proydamiiTests.swift */,
				C327C52E2581AA4100BE2B0B /* Info.plist */,
			);
			path = proydamiiTests;
			sourceTree = "<group>";
		};
		C327C5362581AA4100BE2B0B /* proydamiiUITests */ = {
			isa = PBXGroup;
			children = (
				C327C5372581AA4100BE2B0B /* proydamiiUITests.swift */,
				C327C5392581AA4100BE2B0B /* Info.plist */,
			);
			path = proydamiiUITests;
			sourceTree = "<group>";
		};
/* End PBXGroup section */

/* Begin PBXNativeTarget section */
		C327C50E2581AA3D00BE2B0B /* proydamii */ = {
			isa = PBXNativeTarget;
			buildConfigurationList = C327C53C2581AA4100BE2B0B /* Build configuration list for PBXNativeTarget "proydamii" */;
			buildPhases = (
				C327C50B2581AA3D00BE2B0B /* Sources */,
				C327C50C2581AA3D00BE2B0B /* Frameworks */,
				C327C50D2581AA3D00BE2B0B /* Resources */,
			);
			buildRules = (
			);
			dependencies = (
			);
			name = proydamii;
			productName = proydamii;
			productReference = C327C50F2581AA3D00BE2B0B /* proydamii.app */;
			productType = "com.apple.product-type.application";
		};
		C327C5272581AA4100BE2B0B /* proydamiiTests */ = {
			isa = PBXNativeTarget;
			buildConfigurationList = C327C53F2581AA4100BE2B0B /* Build configuration list for PBXNativeTarget "proydamiiTests" */;
			buildPhases = (
				C327C5242581AA4100BE2B0B /* Sources */,
				C327C5252581AA4100BE2B0B /* Frameworks */,
				C327C5262581AA4100BE2B0B /* Resources */,
			);
			buildRules = (
			);
			dependencies = (
				C327C52A2581AA4100BE2B0B /* PBXTargetDependency */,
			);
			name = proydamiiTests;
			productName = proydamiiTests;
			productReference = C327C5282581AA4100BE2B0B /* proydamiiTests.xctest */;
			productType = "com.apple.product-type.bundle.unit-test";
		};
		C327C5322581AA4100BE2B0B /* proydamiiUITests */ = {
			isa = PBXNativeTarget;
			buildConfigurationList = C327C5422581AA4100BE2B0B /* Build configuration list for PBXNativeTarget "proydamiiUITests" */;
			buildPhases = (
				C327C52F2581AA4100BE2B0B /* Sources */,
				C327C5302581AA4100BE2B0B /* Frameworks */,
				C327C5312581AA4100BE2B0B /* Resources */,
			);
			buildRules = (
			);
			dependencies = (
				C327C5352581AA4100BE2B0B /* PBXTargetDependency */,
			);
			name = proydamiiUITests;
			productName = proydamiiUITests;
			productReference = C327C5332581AA4100BE2B0B /* proydamiiUITests.xctest */;
			productType = "com.apple.product-type.bundle.ui-testing";
		};
/* End PBXNativeTarget section */

/* Begin PBXProject section */
		C327C5072581AA3D00BE2B0B /* Project object */ = {
			isa = PBXProject;
			attributes = {
				LastSwiftUpdateCheck = 1210;
				LastUpgradeCheck = 1210;
				TargetAttributes = {
					C327C50E2581AA3D00BE2B0B = {
						CreatedOnToolsVersion = 12.1;
					};
					C327C5272581AA4100BE2B0B = {
						CreatedOnToolsVersion = 12.1;
						TestTargetID = C327C50E2581AA3D00BE2B0B;
					};
					C327C5322581AA4100BE2B0B = {
						CreatedOnToolsVersion = 12.1;
						TestTargetID = C327C50E2581AA3D00BE2B0B;
					};
				};
			};
			buildConfigurationList = C327C50A2581AA3D00BE2B0B /* Build configuration list for PBXProject "proydamii" */;
			compatibilityVersion = "Xcode 9.3";
			developmentRegion = en;
			hasScannedForEncodings = 0;
			knownRegions = (
				en,
				Base,
			);
			mainGroup = C327C5062581AA3D00BE2B0B;
			productRefGroup = C327C5102581AA3D00BE2B0B /* Products */;
			projectDirPath = "";
			projectRoot = "";
			targets = (
				C327C50E2581AA3D00BE2B0B /* proydamii */,
				C327C5272581AA4100BE2B0B /* proydamiiTests */,
				C327C5322581AA4100BE2B0B /* proydamiiUITests */,
			);
		};
/* End PBXProject section */

/* Begin PBXResourcesBuildPhase section */
		C327C50D2581AA3D00BE2B0B /* Resources */ = {
			isa = PBXResourcesBuildPhase;
			buildActionMask = 2147483647;
			files = (
				C327C5222581AA4000BE2B0B /* LaunchScreen.storyboard in Resources */,
				C327C51F2581AA4000BE2B0B /* Assets.xcassets in Resources */,
				C327C51A2581AA3D00BE2B0B /* Main.storyboard in Resources */,
			);
			runOnlyForDeploymentPostprocessing = 0;
		};
		C327C5262581AA4100BE2B0B /* Resources */ = {
			isa = PBXResourcesBuildPhase;
			buildActionMask = 2147483647;
			files = (
			);
			runOnlyForDeploymentPostprocessing = 0;
		};
		C327C5312581AA4100BE2B0B /* Resources */ = {
			isa = PBXResourcesBuildPhase;
			buildActionMask = 2147483647;
			files = (
			);
			runOnlyForDeploymentPostprocessing = 0;
		};
/* End PBXResourcesBuildPhase section */

/* Begin PBXSourcesBuildPhase section */
		C327C50B2581AA3D00BE2B0B /* Sources */ = {
			isa = PBXSourcesBuildPhase;
			buildActionMask = 2147483647;
			files = (
				C327C51D2581AA3D00BE2B0B /* proydamii.xcdatamodeld in Sources */,
				C327C5172581AA3D00BE2B0B /* ViewController.swift in Sources */,
				C327C5132581AA3D00BE2B0B /* AppDelegate.swift in Sources */,
				C327C5152581AA3D00BE2B0B /* SceneDelegate.swift in Sources */,
			);
			runOnlyForDeploymentPostprocessing = 0;
		};
		C327C5242581AA4100BE2B0B /* Sources */ = {
			isa = PBXSourcesBuildPhase;
			buildActionMask = 2147483647;
			files = (
				C327C52D2581AA4100BE2B0B /* proydamiiTests.swift in Sources */,
			);
			runOnlyForDeploymentPostprocessing = 0;
		};
		C327C52F2581AA4100BE2B0B /* Sources */ = {
			isa = PBXSourcesBuildPhase;
			buildActionMask = 2147483647;
			files = (
				C327C5382581AA4100BE2B0B /* proydamiiUITests.swift in Sources */,
			);
			runOnlyForDeploymentPostprocessing = 0;
		};
/* End PBXSourcesBuildPhase section */

/* Begin PBXTargetDependency section */
		C327C52A2581AA4100BE2B0B /* PBXTargetDependency */ = {
			isa = PBXTargetDependency;
			target = C327C50E2581AA3D00BE2B0B /* proydamii */;
			targetProxy = C327C5292581AA4100BE2B0B /* PBXContainerItemProxy */;
		};
		C327C5352581AA4100BE2B0B /* PBXTargetDependency */ = {
			isa = PBXTargetDependency;
			target = C327C50E2581AA3D00BE2B0B /* proydamii */;
			targetProxy = C327C5342581AA4100BE2B0B /* PBXContainerItemProxy */;
		};
/* End PBXTargetDependency section */

/* Begin PBXVariantGroup section */
		C327C5182581AA3D00BE2B0B /* Main.storyboard */ = {
			isa = PBXVariantGroup;
			children = (
				C327C5192581AA3D00BE2B0B /* Base */,
			);
			name = Main.storyboard;
			sourceTree = "<group>";
		};
		C327C5202581AA4000BE2B0B /* LaunchScreen.storyboard */ = {
			isa = PBXVariantGroup;
			children = (
				C327C5212581AA4000BE2B0B /* Base */,
			);
			name = LaunchScreen.storyboard;
			sourceTree = "<group>";
		};
/* End PBXVariantGroup section */

/* Begin XCBuildConfiguration section */
		C327C53A2581AA4100BE2B0B /* Debug */ = {
			isa = XCBuildConfiguration;
			buildSettings = {
				ALWAYS_SEARCH_USER_PATHS = NO;
				CLANG_ANALYZER_NONNULL = YES;
				CLANG_ANALYZER_NUMBER_OBJECT_CONVERSION = YES_AGGRESSIVE;
				CLANG_CXX_LANGUAGE_STANDARD = "gnu++14";
				CLANG_CXX_LIBRARY = "libc++";
				CLANG_ENABLE_MODULES = YES;
				CLANG_ENABLE_OBJC_ARC = YES;
				CLANG_ENABLE_OBJC_WEAK = YES;
				CLANG_WARN_BLOCK_CAPTURE_AUTORELEASING = YES;
				CLANG_WARN_BOOL_CONVERSION = YES;
				CLANG_WARN_COMMA = YES;
				CLANG_WARN_CONSTANT_CONVERSION = YES;
				CLANG_WARN_DEPRECATED_OBJC_IMPLEMENTATIONS = YES;
				CLANG_WARN_DIRECT_OBJC_ISA_USAGE = YES_ERROR;
				CLANG_WARN_DOCUMENTATION_COMMENTS = YES;
				CLANG_WARN_EMPTY_BODY = YES;
				CLANG_WARN_ENUM_CONVERSION = YES;
				CLANG_WARN_INFINITE_RECURSION = YES;
				CLANG_WARN_INT_CONVERSION = YES;
				CLANG_WARN_NON_LITERAL_NULL_CONVERSION = YES;
				CLANG_WARN_OBJC_IMPLICIT_RETAIN_SELF = YES;
				CLANG_WARN_OBJC_LITERAL_CONVERSION = YES;
				CLANG_WARN_OBJC_ROOT_CLASS = YES_ERROR;
				CLANG_WARN_QUOTED_INCLUDE_IN_FRAMEWORK_HEADER = YES;
				CLANG_WARN_RANGE_LOOP_ANALYSIS = YES;
				CLANG_WARN_STRICT_PROTOTYPES = YES;
				CLANG_WARN_SUSPICIOUS_MOVE = YES;
				CLANG_WARN_UNGUARDED_AVAILABILITY = YES_AGGRESSIVE;
				CLANG_WARN_UNREACHABLE_CODE = YES;
				CLANG_WARN__DUPLICATE_METHOD_MATCH = YES;
				COPY_PHASE_STRIP = NO;
				DEBUG_INFORMATION_FORMAT = dwarf;
				ENABLE_STRICT_OBJC_MSGSEND = YES;
				ENABLE_TESTABILITY = YES;
				GCC_C_LANGUAGE_STANDARD = gnu11;
				GCC_DYNAMIC_NO_PIC = NO;
				GCC_NO_COMMON_BLOCKS = YES;
				GCC_OPTIMIZATION_LEVEL = 0;
				GCC_PREPROCESSOR_DEFINITIONS = (
					"DEBUG=1",
					"$(inherited)",
				);
				GCC_WARN_64_TO_32_BIT_CONVERSION = YES;
				GCC_WARN_ABOUT_RETURN_TYPE = YES_ERROR;
				GCC_WARN_UNDECLARED_SELECTOR = YES;
				GCC_WARN_UNINITIALIZED_AUTOS = YES_AGGRESSIVE;
				GCC_WARN_UNUSED_FUNCTION = YES;
				GCC_WARN_UNUSED_VARIABLE = YES;
				IPHONEOS_DEPLOYMENT_TARGET = 14.1;
				MTL_ENABLE_DEBUG_INFO = INCLUDE_SOURCE;
				MTL_FAST_MATH = YES;
				ONLY_ACTIVE_ARCH = YES;
				SDKROOT = iphoneos;
				SWIFT_ACTIVE_COMPILATION_CONDITIONS = DEBUG;
				SWIFT_OPTIMIZATION_LEVEL = "-Onone";
			};
			name = Debug;
		};
		C327C53B2581AA4100BE2B0B /* Release */ = {
			isa = XCBuildConfiguration;
			buildSettings = {
				ALWAYS_SEARCH_USER_PATHS = NO;
				CLANG_ANALYZER_NONNULL = YES;
				CLANG_ANALYZER_NUMBER_OBJECT_CONVERSION = YES_AGGRESSIVE;
				CLANG_CXX_LANGUAGE_STANDARD = "gnu++14";
				CLANG_CXX_LIBRARY = "libc++";
				CLANG_ENABLE_MODULES = YES;
				CLANG_ENABLE_OBJC_ARC = YES;
				CLANG_ENABLE_OBJC_WEAK = YES;
				CLANG_WARN_BLOCK_CAPTURE_AUTORELEASING = YES;
				CLANG_WARN_BOOL_CONVERSION = YES;
				CLANG_WARN_COMMA = YES;
				CLANG_WARN_CONSTANT_CONVERSION = YES;
				CLANG_WARN_DEPRECATED_OBJC_IMPLEMENTATIONS = YES;
				CLANG_WARN_DIRECT_OBJC_ISA_USAGE = YES_ERROR;
				CLANG_WARN_DOCUMENTATION_COMMENTS = YES;
				CLANG_WARN_EMPTY_BODY = YES;
				CLANG_WARN_ENUM_CONVERSION = YES;
				CLANG_WARN_INFINITE_RECURSION = YES;
				CLANG_WARN_INT_CONVERSION = YES;
				CLANG_WARN_NON_LITERAL_NULL_CONVERSION = YES;
				CLANG_WARN_OBJC_IMPLICIT_RETAIN_SELF = YES;
				CLANG_WARN_OBJC_LITERAL_CONVERSION = YES;
				CLANG_WARN_OBJC_ROOT_CLASS = YES_ERROR;
				CLANG_WARN_QUOTED_INCLUDE_IN_FRAMEWORK_HEADER = YES;
				CLANG_WARN_RANGE_LOOP_ANALYSIS = YES;
				CLANG_WARN_STRICT_PROTOTYPES = YES;
				CLANG_WARN_SUSPICIOUS_MOVE = YES;
				CLANG_WARN_UNGUARDED_AVAILABILITY = YES_AGGRESSIVE;
				CLANG_WARN_UNREACHABLE_CODE = YES;
				CLANG_WARN__DUPLICATE_METHOD_MATCH = YES;
				COPY_PHASE_STRIP = NO;
				DEBUG_INFORMATION_FORMAT = "dwarf-with-dsym";
				ENABLE_NS_ASSERTIONS = NO;
				ENABLE_STRICT_OBJC_MSGSEND = YES;
				GCC_C_LANGUAGE_STANDARD = gnu11;
				GCC_NO_COMMON_BLOCKS = YES;
				GCC_WARN_64_TO_32_BIT_CONVERSION = YES;
				GCC_WARN_ABOUT_RETURN_TYPE = YES_ERROR;
				GCC_WARN_UNDECLARED_SELECTOR = YES;
				GCC_WARN_UNINITIALIZED_AUTOS = YES_AGGRESSIVE;
				GCC_WARN_UNUSED_FUNCTION = YES;
				GCC_WARN_UNUSED_VARIABLE = YES;
				IPHONEOS_DEPLOYMENT_TARGET = 14.1;
				MTL_ENABLE_DEBUG_INFO = NO;
				MTL_FAST_MATH = YES;
				SDKROOT = iphoneos;
				SWIFT_COMPILATION_MODE = wholemodule;
				SWIFT_OPTIMIZATION_LEVEL = "-O";
				VALIDATE_PRODUCT = YES;
			};
			name = Release;
		};
		C327C53D2581AA4100BE2B0B /* Debug */ = {
			isa = XCBuildConfiguration;
			buildSettings = {
				ASSETCATALOG_COMPILER_APPICON_NAME = AppIcon;
				ASSETCATALOG_COMPILER_GLOBAL_ACCENT_COLOR_NAME = AccentColor;
				CODE_SIGN_STYLE = Automatic;
				DEVELOPMENT_TEAM = YVKJ589HX3;
				INFOPLIST_FILE = proydamii/Info.plist;
				LD_RUNPATH_SEARCH_PATHS = (
					"$(inherited)",
					"@executable_path/Frameworks",
				);
				PRODUCT_BUNDLE_IDENTIFIER = com.aloshstudios.proydamii;
				PRODUCT_NAME = "$(TARGET_NAME)";
				SWIFT_VERSION = 5.0;
				TARGETED_DEVICE_FAMILY = "1,2";
			};
			name = Debug;
		};
		C327C53E2581AA4100BE2B0B /* Release */ = {
			isa = XCBuildConfiguration;
			buildSettings = {
				ASSETCATALOG_COMPILER_APPICON_NAME = AppIcon;
				ASSETCATALOG_COMPILER_GLOBAL_ACCENT_COLOR_NAME = AccentColor;
				CODE_SIGN_STYLE = Automatic;
				DEVELOPMENT_TEAM = YVKJ589HX3;
				INFOPLIST_FILE = proydamii/Info.plist;
				LD_RUNPATH_SEARCH_PATHS = (
					"$(inherited)",
					"@executable_path/Frameworks",
				);
				PRODUCT_BUNDLE_IDENTIFIER = com.aloshstudios.proydamii;
				PRODUCT_NAME = "$(TARGET_NAME)";
				SWIFT_VERSION = 5.0;
				TARGETED_DEVICE_FAMILY = "1,2";
			};
			name = Release;
		};
		C327C5402581AA4100BE2B0B /* Debug */ = {
			isa = XCBuildConfiguration;
			buildSettings = {
				ALWAYS_EMBED_SWIFT_STANDARD_LIBRARIES = YES;
				BUNDLE_LOADER = "$(TEST_HOST)";
				CODE_SIGN_STYLE = Automatic;
				DEVELOPMENT_TEAM = YVKJ589HX3;
				INFOPLIST_FILE = proydamiiTests/Info.plist;
				IPHONEOS_DEPLOYMENT_TARGET = 14.1;
				LD_RUNPATH_SEARCH_PATHS = (
					"$(inherited)",
					"@executable_path/Frameworks",
					"@loader_path/Frameworks",
				);
				PRODUCT_BUNDLE_IDENTIFIER = com.aloshstudios.proydamiiTests;
				PRODUCT_NAME = "$(TARGET_NAME)";
				SWIFT_VERSION = 5.0;
				TARGETED_DEVICE_FAMILY = "1,2";
				TEST_HOST = "$(BUILT_PRODUCTS_DIR)/proydamii.app/proydamii";
			};
			name = Debug;
		};
		C327C5412581AA4100BE2B0B /* Release */ = {
			isa = XCBuildConfiguration;
			buildSettings = {
				ALWAYS_EMBED_SWIFT_STANDARD_LIBRARIES = YES;
				BUNDLE_LOADER = "$(TEST_HOST)";
				CODE_SIGN_STYLE = Automatic;
				DEVELOPMENT_TEAM = YVKJ589HX3;
				INFOPLIST_FILE = proydamiiTests/Info.plist;
				IPHONEOS_DEPLOYMENT_TARGET = 14.1;
				LD_RUNPATH_SEARCH_PATHS = (
					"$(inherited)",
					"@executable_path/Frameworks",
					"@loader_path/Frameworks",
				);
				PRODUCT_BUNDLE_IDENTIFIER = com.aloshstudios.proydamiiTests;
				PRODUCT_NAME = "$(TARGET_NAME)";
				SWIFT_VERSION = 5.0;
				TARGETED_DEVICE_FAMILY = "1,2";
				TEST_HOST = "$(BUILT_PRODUCTS_DIR)/proydamii.app/proydamii";
			};
			name = Release;
		};
		C327C5432581AA4100BE2B0B /* Debug */ = {
			isa = XCBuildConfiguration;
			buildSettings = {
				ALWAYS_EMBED_SWIFT_STANDARD_LIBRARIES = YES;
				CODE_SIGN_STYLE = Automatic;
				DEVELOPMENT_TEAM = YVKJ589HX3;
				INFOPLIST_FILE = proydamiiUITests/Info.plist;
				LD_RUNPATH_SEARCH_PATHS = (
					"$(inherited)",
					"@executable_path/Frameworks",
					"@loader_path/Frameworks",
				);
				PRODUCT_BUNDLE_IDENTIFIER = com.aloshstudios.proydamiiUITests;
				PRODUCT_NAME = "$(TARGET_NAME)";
				SWIFT_VERSION = 5.0;
				TARGETED_DEVICE_FAMILY = "1,2";
				TEST_TARGET_NAME = proydamii;
			};
			name = Debug;
		};
		C327C5442581AA4100BE2B0B /* Release */ = {
			isa = XCBuildConfiguration;
			buildSettings = {
				ALWAYS_EMBED_SWIFT_STANDARD_LIBRARIES = YES;
				CODE_SIGN_STYLE = Automatic;
				DEVELOPMENT_TEAM = YVKJ589HX3;
				INFOPLIST_FILE = proydamiiUITests/Info.plist;
				LD_RUNPATH_SEARCH_PATHS = (
					"$(inherited)",
					"@executable_path/Frameworks",
					"@loader_path/Frameworks",
				);
				PRODUCT_BUNDLE_IDENTIFIER = com.aloshstudios.proydamiiUITests;
				PRODUCT_NAME = "$(TARGET_NAME)";
				SWIFT_VERSION = 5.0;
				TARGETED_DEVICE_FAMILY = "1,2";
				TEST_TARGET_NAME = proydamii;
			};
			name = Release;
		};
/* End XCBuildConfiguration section */

/* Begin XCConfigurationList section */
		C327C50A2581AA3D00BE2B0B /* Build configuration list for PBXProject "proydamii" */ = {
			isa = XCConfigurationList;
			buildConfigurations = (
				C327C53A2581AA4100BE2B0B /* Debug */,
				C327C53B2581AA4100BE2B0B /* Release */,
			);
			defaultConfigurationIsVisible = 0;
			defaultConfigurationName = Release;
		};
		C327C53C2581AA4100BE2B0B /* Build configuration list for PBXNativeTarget "proydamii" */ = {
			isa = XCConfigurationList;
			buildConfigurations = (
				C327C53D2581AA4100BE2B0B /* Debug */,
				C327C53E2581AA4100BE2B0B /* Release */,
			);
			defaultConfigurationIsVisible = 0;
			defaultConfigurationName = Release;
		};
		C327C53F2581AA4100BE2B0B /* Build configuration list for PBXNativeTarget "proydamiiTests" */ = {
			isa = XCConfigurationList;
			buildConfigurations = (
				C327C5402581AA4100BE2B0B /* Debug */,
				C327C5412581AA4100BE2B0B /* Release */,
			);
			defaultConfigurationIsVisible = 0;
			defaultConfigurationName = Release;
		};
		C327C5422581AA4100BE2B0B /* Build configuration list for PBXNativeTarget "proydamiiUITests" */ = {
			isa = XCConfigurationList;
			buildConfigurations = (
				C327C5432581AA4100BE2B0B /* Debug */,
				C327C5442581AA4100BE2B0B /* Release */,
			);
			defaultConfigurationIsVisible = 0;
			defaultConfigurationName = Release;
		};
/* End XCConfigurationList section */

/* Begin XCVersionGroup section */
		C327C51B2581AA3D00BE2B0B /* proydamii.xcdatamodeld */ = {
			isa = XCVersionGroup;
			children = (
				C327C51C2581AA3D00BE2B0B /* proydamii.xcdatamodel */,
			);
			currentVersion = C327C51C2581AA3D00BE2B0B /* proydamii.xcdatamodel */;
			path = proydamii.xcdatamodeld;
			sourceTree = "<group>";
			versionGroupType = wrapper.xcdatamodel;
		};
/* End XCVersionGroup section */
	};
	rootObject = C327C5072581AA3D00BE2B0B /* Project object */;
}
